
Microsoft Visual Studio Solution File, Format Version 12.00
# Visual Studio Version 17
VisualStudioVersion = 17.4.33205.214
MinimumVisualStudioVersion = 10.0.40219.1
Project("{FAE04EC0-301F-11D3-BF4B-00C04F79EFBC}") = "ProgrammingProjectApplication", "ProgrammingProjectApplication.csproj", "{80D715FC-78EB-415F-BA8F-C94104DE562C}"
EndProject
Global
	GlobalSection(SolutionConfigurationPlatforms) = preSolution
		Debug|Any CPU = Debug|Any CPU
		Release|Any CPU = Release|Any CPU
	EndGlobalSection
	GlobalSection(ProjectConfigurationPlatforms) = postSolution
		{80D715FC-78EB-415F-BA8F-C94104DE562C}.Debug|Any CPU.ActiveCfg = Debug|Any CPU
		{80D715FC-78EB-415F-BA8F-C94104DE562C}.Debug|Any CPU.Build.0 = Debug|Any CPU
		{80D715FC-78EB-415F-BA8F-C94104DE562C}.Release|Any CPU.ActiveCfg = Release|Any CPU
		{80D715FC-78EB-415F-BA8F-C94104DE562C}.Release|Any CPU.Build.0 = Release|Any CPU
	EndGlobalSection
	GlobalSection(SolutionProperties) = preSolution
		HideSolutionNode = FALSE
	EndGlobalSection
	GlobalSection(ExtensibilityGlobals) = postSolution
		SolutionGuid = {50C4E681-DB71-444E-B466-12CA70F7B522}
	EndGlobalSection
EndGlobal
